
Microsoft Visual Studio Solution File, Format Version 12.00
# Visual Studio Version 16
VisualStudioVersion = 16.0.808.4
MinimumVisualStudioVersion = 10.0.40219.1
Project("{FAE04EC0-301F-11D3-BF4B-00C04F79EFBC}") = "PaymentApi", "PaymentApi\PaymentApi.csproj", "{0E46123A-3536-42E6-A2E0-6E68B39B0F50}"
EndProject
Global
	GlobalSection(SolutionConfigurationPlatforms) = preSolution
		Debug|Any CPU = Debug|Any CPU
		Release|Any CPU = Release|Any CPU
	EndGlobalSection
	GlobalSection(ProjectConfigurationPlatforms) = postSolution
		{0E46123A-3536-42E6-A2E0-6E68B39B0F50}.Debug|Any CPU.ActiveCfg = Debug|Any CPU
		{0E46123A-3536-42E6-A2E0-6E68B39B0F50}.Debug|Any CPU.Build.0 = Debug|Any CPU
		{0E46123A-3536-42E6-A2E0-6E68B39B0F50}.Release|Any CPU.ActiveCfg = Release|Any CPU
		{0E46123A-3536-42E6-A2E0-6E68B39B0F50}.Release|Any CPU.Build.0 = Release|Any CPU
	EndGlobalSection
	GlobalSection(SolutionProperties) = preSolution
		HideSolutionNode = FALSE
	EndGlobalSection
	GlobalSection(ExtensibilityGlobals) = postSolution
		SolutionGuid = {87F89BCA-1FA0-4C06-BE41-94F05251FBA5}
	EndGlobalSection
EndGlobal
